// !$*UTF8*$!
{
	archiveVersion = 1;
	classes = {
	};
	objectVersion = 56;
	objects = {

/* Begin PBXBuildFile section */
		D16A57B72AA9B61100A76F33 /* AppDelegate.swift in Sources */ = {isa = PBXBuildFile; fileRef = D16A57B62AA9B61100A76F33 /* AppDelegate.swift */; };
		D16A57C02AA9B61200A76F33 /* Assets.xcassets in Resources */ = {isa = PBXBuildFile; fileRef = D16A57BF2AA9B61200A76F33 /* Assets.xcassets */; };
		D16A57C32AA9B61200A76F33 /* LaunchScreen.storyboard in Resources */ = {isa = PBXBuildFile; fileRef = D16A57C12AA9B61200A76F33 /* LaunchScreen.storyboard */; };
		D16A57CD2AA9B73300A76F33 /* UIColor.swift in Sources */ = {isa = PBXBuildFile; fileRef = D16A57CC2AA9B73300A76F33 /* UIColor.swift */; };
		D16A57CF2AA9B73F00A76F33 /* UIImage.swift in Sources */ = {isa = PBXBuildFile; fileRef = D16A57CE2AA9B73F00A76F33 /* UIImage.swift */; };
		D16A57D22AA9B76C00A76F33 /* AssetsImage.swift in Sources */ = {isa = PBXBuildFile; fileRef = D16A57D12AA9B76C00A76F33 /* AssetsImage.swift */; };
		D16A57D42AA9B77B00A76F33 /* AssetsColor.swift in Sources */ = {isa = PBXBuildFile; fileRef = D16A57D32AA9B77B00A76F33 /* AssetsColor.swift */; };
		D16A57DB2AA9B80800A76F33 /* HotelViewController.swift in Sources */ = {isa = PBXBuildFile; fileRef = D16A57DA2AA9B80800A76F33 /* HotelViewController.swift */; };
		D16A57DF2AA9B83600A76F33 /* UIView.swift in Sources */ = {isa = PBXBuildFile; fileRef = D16A57DE2AA9B83600A76F33 /* UIView.swift */; };
		D16A57E12AA9B83A00A76F33 /* ReusableView.swift in Sources */ = {isa = PBXBuildFile; fileRef = D16A57E02AA9B83A00A76F33 /* ReusableView.swift */; };
		D16A57E42AA9B89F00A76F33 /* SDWebImage in Frameworks */ = {isa = PBXBuildFile; productRef = D16A57E32AA9B89F00A76F33 /* SDWebImage */; };
		D16A57E72AA9B8B400A76F33 /* IQKeyboardManagerSwift in Frameworks */ = {isa = PBXBuildFile; productRef = D16A57E62AA9B8B400A76F33 /* IQKeyboardManagerSwift */; };
		D16A57E92AA9B8CD00A76F33 /* UIImageView.swift in Sources */ = {isa = PBXBuildFile; fileRef = D16A57E82AA9B8CD00A76F33 /* UIImageView.swift */; };
		D16A57EB2AA9B92100A76F33 /* URLRequest.swift in Sources */ = {isa = PBXBuildFile; fileRef = D16A57EA2AA9B92100A76F33 /* URLRequest.swift */; };
		D16A57ED2AA9B92C00A76F33 /* URLComponents.swift in Sources */ = {isa = PBXBuildFile; fileRef = D16A57EC2AA9B92C00A76F33 /* URLComponents.swift */; };
		D16A57EF2AA9B95D00A76F33 /* NotificationCenter.swift in Sources */ = {isa = PBXBuildFile; fileRef = D16A57EE2AA9B95D00A76F33 /* NotificationCenter.swift */; };
		D16A57F12AA9B97F00A76F33 /* UIWindow.swift in Sources */ = {isa = PBXBuildFile; fileRef = D16A57F02AA9B97E00A76F33 /* UIWindow.swift */; };
		D16A57F42AA9BA3600A76F33 /* AlertViewController.swift in Sources */ = {isa = PBXBuildFile; fileRef = D16A57F32AA9BA3600A76F33 /* AlertViewController.swift */; };
		D16A57F62AA9BA6200A76F33 /* APIError.swift in Sources */ = {isa = PBXBuildFile; fileRef = D16A57F52AA9BA6200A76F33 /* APIError.swift */; };
		D16A57F82AA9BAD800A76F33 /* ViewModelProtocol.swift in Sources */ = {isa = PBXBuildFile; fileRef = D16A57F72AA9BAD800A76F33 /* ViewModelProtocol.swift */; };
		D16A57FA2AA9BAE500A76F33 /* ViewSpecificController.swift in Sources */ = {isa = PBXBuildFile; fileRef = D16A57F92AA9BAE500A76F33 /* ViewSpecificController.swift */; };
		D16A57FC2AA9BAF000A76F33 /* Coordinator.swift in Sources */ = {isa = PBXBuildFile; fileRef = D16A57FB2AA9BAF000A76F33 /* Coordinator.swift */; };
		D16A57FF2AA9BB1400A76F33 /* JSONData.swift in Sources */ = {isa = PBXBuildFile; fileRef = D16A57FE2AA9BB1400A76F33 /* JSONData.swift */; };
		D16A58012AA9BB2A00A76F33 /* CustomSpinnerView.swift in Sources */ = {isa = PBXBuildFile; fileRef = D16A58002AA9BB2A00A76F33 /* CustomSpinnerView.swift */; };
		D16A58032AA9BB3A00A76F33 /* CustomView.swift in Sources */ = {isa = PBXBuildFile; fileRef = D16A58022AA9BB3A00A76F33 /* CustomView.swift */; };
		D16A58052AA9BB4C00A76F33 /* CustomDecoder.swift in Sources */ = {isa = PBXBuildFile; fileRef = D16A58042AA9BB4C00A76F33 /* CustomDecoder.swift */; };
		D16A58082AA9BB6700A76F33 /* Meta.swift in Sources */ = {isa = PBXBuildFile; fileRef = D16A58072AA9BB6700A76F33 /* Meta.swift */; };
		D16A580A2AA9BC7E00A76F33 /* HotelView.swift in Sources */ = {isa = PBXBuildFile; fileRef = D16A58092AA9BC7E00A76F33 /* HotelView.swift */; };
		D16A580C2AA9BD1500A76F33 /* HotelView.xib in Resources */ = {isa = PBXBuildFile; fileRef = D16A580B2AA9BD1500A76F33 /* HotelView.xib */; };
		D16A580E2AA9E75C00A76F33 /* PageController.swift in Sources */ = {isa = PBXBuildFile; fileRef = D16A580D2AA9E75C00A76F33 /* PageController.swift */; };
		D171B4662AAAE3CE003B115B /* DynamicHeightCollectionView.swift in Sources */ = {isa = PBXBuildFile; fileRef = D171B4652AAAE3CE003B115B /* DynamicHeightCollectionView.swift */; };
		D171B4682AAAE3F3003B115B /* TagFlowLayout.swift in Sources */ = {isa = PBXBuildFile; fileRef = D171B4672AAAE3F3003B115B /* TagFlowLayout.swift */; };
		D1C979642AB0348D0011647A /* UINavigationBar.swift in Sources */ = {isa = PBXBuildFile; fileRef = D1C979632AB0348D0011647A /* UINavigationBar.swift */; };
		D1C979672AB036460011647A /* ComfortsDataProvider.swift in Sources */ = {isa = PBXBuildFile; fileRef = D1C979662AB036460011647A /* ComfortsDataProvider.swift */; };
		D1C979692AB037220011647A /* ComfortsCollectionViewCell.swift in Sources */ = {isa = PBXBuildFile; fileRef = D1C979682AB037220011647A /* ComfortsCollectionViewCell.swift */; };
		D1C9796B2AB037C40011647A /* UICollectionView.swift in Sources */ = {isa = PBXBuildFile; fileRef = D1C9796A2AB037C40011647A /* UICollectionView.swift */; };
		D1C9796D2AB037FC0011647A /* String.swift in Sources */ = {isa = PBXBuildFile; fileRef = D1C9796C2AB037FC0011647A /* String.swift */; };
		D1C9796F2AB0385D0011647A /* ComfortsCollectionViewCell.xib in Resources */ = {isa = PBXBuildFile; fileRef = D1C9796E2AB0385D0011647A /* ComfortsCollectionViewCell.xib */; };
		D1C979712AB039430011647A /* HotelViewModel.swift in Sources */ = {isa = PBXBuildFile; fileRef = D1C979702AB039430011647A /* HotelViewModel.swift */; };
		D1C979732AB039750011647A /* Hotel.swift in Sources */ = {isa = PBXBuildFile; fileRef = D1C979722AB039750011647A /* Hotel.swift */; };
		D1C979752AB03A1E0011647A /* JSONDownloader.swift in Sources */ = {isa = PBXBuildFile; fileRef = D1C979742AB03A1E0011647A /* JSONDownloader.swift */; };
		D1C979772AB03A880011647A /* HTTPRequestMethod.swift in Sources */ = {isa = PBXBuildFile; fileRef = D1C979762AB03A880011647A /* HTTPRequestMethod.swift */; };
		D1C979792AB03D000011647A /* MainConstants.swift in Sources */ = {isa = PBXBuildFile; fileRef = D1C979782AB03D000011647A /* MainConstants.swift */; };
		D1C9797D2AB04A090011647A /* ImagesCollectionViewCell.swift in Sources */ = {isa = PBXBuildFile; fileRef = D1C9797C2AB04A090011647A /* ImagesCollectionViewCell.swift */; };
		D1C9797F2AB04A0C0011647A /* ImagesCollectionViewCell.xib in Resources */ = {isa = PBXBuildFile; fileRef = D1C9797E2AB04A0C0011647A /* ImagesCollectionViewCell.xib */; };
		D1C979812AB04A530011647A /* ImagesDataProvider.swift in Sources */ = {isa = PBXBuildFile; fileRef = D1C979802AB04A530011647A /* ImagesDataProvider.swift */; };
		D1C979832AB04E9F0011647A /* UIButton.swift in Sources */ = {isa = PBXBuildFile; fileRef = D1C979822AB04E9F0011647A /* UIButton.swift */; };
		D1C979862AB04FAA0011647A /* SkeletonView in Frameworks */ = {isa = PBXBuildFile; productRef = D1C979852AB04FAA0011647A /* SkeletonView */; };
/* End PBXBuildFile section */

/* Begin PBXFileReference section */
		D16A57B32AA9B61100A76F33 /* Hotel.app */ = {isa = PBXFileReference; explicitFileType = wrapper.application; includeInIndex = 0; path = Hotel.app; sourceTree = BUILT_PRODUCTS_DIR; };
		D16A57B62AA9B61100A76F33 /* AppDelegate.swift */ = {isa = PBXFileReference; lastKnownFileType = sourcecode.swift; path = AppDelegate.swift; sourceTree = "<group>"; };
		D16A57BF2AA9B61200A76F33 /* Assets.xcassets */ = {isa = PBXFileReference; lastKnownFileType = folder.assetcatalog; path = Assets.xcassets; sourceTree = "<group>"; };
		D16A57C22AA9B61200A76F33 /* Base */ = {isa = PBXFileReference; lastKnownFileType = file.storyboard; name = Base; path = Base.lproj/LaunchScreen.storyboard; sourceTree = "<group>"; };
		D16A57C42AA9B61200A76F33 /* Info.plist */ = {isa = PBXFileReference; lastKnownFileType = text.plist.xml; path = Info.plist; sourceTree = "<group>"; };
		D16A57CC2AA9B73300A76F33 /* UIColor.swift */ = {isa = PBXFileReference; lastKnownFileType = sourcecode.swift; path = UIColor.swift; sourceTree = "<group>"; };
		D16A57CE2AA9B73F00A76F33 /* UIImage.swift */ = {isa = PBXFileReference; lastKnownFileType = sourcecode.swift; path = UIImage.swift; sourceTree = "<group>"; };
		D16A57D12AA9B76C00A76F33 /* AssetsImage.swift */ = {isa = PBXFileReference; lastKnownFileType = sourcecode.swift; path = AssetsImage.swift; sourceTree = "<group>"; };
		D16A57D32AA9B77B00A76F33 /* AssetsColor.swift */ = {isa = PBXFileReference; lastKnownFileType = sourcecode.swift; path = AssetsColor.swift; sourceTree = "<group>"; };
		D16A57DA2AA9B80800A76F33 /* HotelViewController.swift */ = {isa = PBXFileReference; lastKnownFileType = sourcecode.swift; path = HotelViewController.swift; sourceTree = "<group>"; };
		D16A57DE2AA9B83600A76F33 /* UIView.swift */ = {isa = PBXFileReference; lastKnownFileType = sourcecode.swift; path = UIView.swift; sourceTree = "<group>"; };
		D16A57E02AA9B83A00A76F33 /* ReusableView.swift */ = {isa = PBXFileReference; lastKnownFileType = sourcecode.swift; path = ReusableView.swift; sourceTree = "<group>"; };
		D16A57E82AA9B8CD00A76F33 /* UIImageView.swift */ = {isa = PBXFileReference; lastKnownFileType = sourcecode.swift; path = UIImageView.swift; sourceTree = "<group>"; };
		D16A57EA2AA9B92100A76F33 /* URLRequest.swift */ = {isa = PBXFileReference; lastKnownFileType = sourcecode.swift; path = URLRequest.swift; sourceTree = "<group>"; };
		D16A57EC2AA9B92C00A76F33 /* URLComponents.swift */ = {isa = PBXFileReference; lastKnownFileType = sourcecode.swift; path = URLComponents.swift; sourceTree = "<group>"; };
		D16A57EE2AA9B95D00A76F33 /* NotificationCenter.swift */ = {isa = PBXFileReference; lastKnownFileType = sourcecode.swift; path = NotificationCenter.swift; sourceTree = "<group>"; };
		D16A57F02AA9B97E00A76F33 /* UIWindow.swift */ = {isa = PBXFileReference; lastKnownFileType = sourcecode.swift; path = UIWindow.swift; sourceTree = "<group>"; };
		D16A57F32AA9BA3600A76F33 /* AlertViewController.swift */ = {isa = PBXFileReference; lastKnownFileType = sourcecode.swift; path = AlertViewController.swift; sourceTree = "<group>"; };
		D16A57F52AA9BA6200A76F33 /* APIError.swift */ = {isa = PBXFileReference; lastKnownFileType = sourcecode.swift; path = APIError.swift; sourceTree = "<group>"; };
		D16A57F72AA9BAD800A76F33 /* ViewModelProtocol.swift */ = {isa = PBXFileReference; lastKnownFileType = sourcecode.swift; path = ViewModelProtocol.swift; sourceTree = "<group>"; };
		D16A57F92AA9BAE500A76F33 /* ViewSpecificController.swift */ = {isa = PBXFileReference; lastKnownFileType = sourcecode.swift; path = ViewSpecificController.swift; sourceTree = "<group>"; };
		D16A57FB2AA9BAF000A76F33 /* Coordinator.swift */ = {isa = PBXFileReference; lastKnownFileType = sourcecode.swift; path = Coordinator.swift; sourceTree = "<group>"; };
		D16A57FE2AA9BB1400A76F33 /* JSONData.swift */ = {isa = PBXFileReference; lastKnownFileType = sourcecode.swift; path = JSONData.swift; sourceTree = "<group>"; };
		D16A58002AA9BB2A00A76F33 /* CustomSpinnerView.swift */ = {isa = PBXFileReference; lastKnownFileType = sourcecode.swift; path = CustomSpinnerView.swift; sourceTree = "<group>"; };
		D16A58022AA9BB3A00A76F33 /* CustomView.swift */ = {isa = PBXFileReference; lastKnownFileType = sourcecode.swift; path = CustomView.swift; sourceTree = "<group>"; };
		D16A58042AA9BB4C00A76F33 /* CustomDecoder.swift */ = {isa = PBXFileReference; lastKnownFileType = sourcecode.swift; path = CustomDecoder.swift; sourceTree = "<group>"; };
		D16A58072AA9BB6700A76F33 /* Meta.swift */ = {isa = PBXFileReference; lastKnownFileType = sourcecode.swift; path = Meta.swift; sourceTree = "<group>"; };
		D16A58092AA9BC7E00A76F33 /* HotelView.swift */ = {isa = PBXFileReference; lastKnownFileType = sourcecode.swift; path = HotelView.swift; sourceTree = "<group>"; };
		D16A580B2AA9BD1500A76F33 /* HotelView.xib */ = {isa = PBXFileReference; lastKnownFileType = file.xib; path = HotelView.xib; sourceTree = "<group>"; };
		D16A580D2AA9E75C00A76F33 /* PageController.swift */ = {isa = PBXFileReference; lastKnownFileType = sourcecode.swift; path = PageController.swift; sourceTree = "<group>"; };
		D171B4652AAAE3CE003B115B /* DynamicHeightCollectionView.swift */ = {isa = PBXFileReference; lastKnownFileType = sourcecode.swift; path = DynamicHeightCollectionView.swift; sourceTree = "<group>"; };
		D171B4672AAAE3F3003B115B /* TagFlowLayout.swift */ = {isa = PBXFileReference; lastKnownFileType = sourcecode.swift; path = TagFlowLayout.swift; sourceTree = "<group>"; };
		D1C979632AB0348D0011647A /* UINavigationBar.swift */ = {isa = PBXFileReference; lastKnownFileType = sourcecode.swift; path = UINavigationBar.swift; sourceTree = "<group>"; };
		D1C979662AB036460011647A /* ComfortsDataProvider.swift */ = {isa = PBXFileReference; lastKnownFileType = sourcecode.swift; path = ComfortsDataProvider.swift; sourceTree = "<group>"; };
		D1C979682AB037220011647A /* ComfortsCollectionViewCell.swift */ = {isa = PBXFileReference; lastKnownFileType = sourcecode.swift; path = ComfortsCollectionViewCell.swift; sourceTree = "<group>"; };
		D1C9796A2AB037C40011647A /* UICollectionView.swift */ = {isa = PBXFileReference; lastKnownFileType = sourcecode.swift; path = UICollectionView.swift; sourceTree = "<group>"; };
		D1C9796C2AB037FC0011647A /* String.swift */ = {isa = PBXFileReference; lastKnownFileType = sourcecode.swift; path = String.swift; sourceTree = "<group>"; };
		D1C9796E2AB0385D0011647A /* ComfortsCollectionViewCell.xib */ = {isa = PBXFileReference; lastKnownFileType = file.xib; path = ComfortsCollectionViewCell.xib; sourceTree = "<group>"; };
		D1C979702AB039430011647A /* HotelViewModel.swift */ = {isa = PBXFileReference; lastKnownFileType = sourcecode.swift; path = HotelViewModel.swift; sourceTree = "<group>"; };
		D1C979722AB039750011647A /* Hotel.swift */ = {isa = PBXFileReference; lastKnownFileType = sourcecode.swift; path = Hotel.swift; sourceTree = "<group>"; };
		D1C979742AB03A1E0011647A /* JSONDownloader.swift */ = {isa = PBXFileReference; lastKnownFileType = sourcecode.swift; path = JSONDownloader.swift; sourceTree = "<group>"; };
		D1C979762AB03A880011647A /* HTTPRequestMethod.swift */ = {isa = PBXFileReference; lastKnownFileType = sourcecode.swift; path = HTTPRequestMethod.swift; sourceTree = "<group>"; };
		D1C979782AB03D000011647A /* MainConstants.swift */ = {isa = PBXFileReference; lastKnownFileType = sourcecode.swift; path = MainConstants.swift; sourceTree = "<group>"; };
		D1C9797C2AB04A090011647A /* ImagesCollectionViewCell.swift */ = {isa = PBXFileReference; lastKnownFileType = sourcecode.swift; path = ImagesCollectionViewCell.swift; sourceTree = "<group>"; };
		D1C9797E2AB04A0C0011647A /* ImagesCollectionViewCell.xib */ = {isa = PBXFileReference; lastKnownFileType = file.xib; path = ImagesCollectionViewCell.xib; sourceTree = "<group>"; };
		D1C979802AB04A530011647A /* ImagesDataProvider.swift */ = {isa = PBXFileReference; lastKnownFileType = sourcecode.swift; path = ImagesDataProvider.swift; sourceTree = "<group>"; };
		D1C979822AB04E9F0011647A /* UIButton.swift */ = {isa = PBXFileReference; lastKnownFileType = sourcecode.swift; path = UIButton.swift; sourceTree = "<group>"; };
/* End PBXFileReference section */

/* Begin PBXFrameworksBuildPhase section */
		D16A57B02AA9B61100A76F33 /* Frameworks */ = {
			isa = PBXFrameworksBuildPhase;
			buildActionMask = 2147483647;
			files = (
				D16A57E42AA9B89F00A76F33 /* SDWebImage in Frameworks */,
				D1C979862AB04FAA0011647A /* SkeletonView in Frameworks */,
				D16A57E72AA9B8B400A76F33 /* IQKeyboardManagerSwift in Frameworks */,
			);
			runOnlyForDeploymentPostprocessing = 0;
		};
/* End PBXFrameworksBuildPhase section */

/* Begin PBXGroup section */
		D147D4642AB02EA0009223E6 /* Root View */ = {
			isa = PBXGroup;
			children = (
				D16A58092AA9BC7E00A76F33 /* HotelView.swift */,
				D16A580B2AA9BD1500A76F33 /* HotelView.xib */,
			);
			path = "Root View";
			sourceTree = "<group>";
		};
		D147D4652AB02EAA009223E6 /* Cell */ = {
			isa = PBXGroup;
			children = (
				D1C9797B2AB049FF0011647A /* Images */,
				D1C9797A2AB049F60011647A /* Comforts */,
			);
			path = Cell;
			sourceTree = "<group>";
		};
		D16A57AA2AA9B61100A76F33 = {
			isa = PBXGroup;
			children = (
				D16A57B52AA9B61100A76F33 /* Hotel */,
				D16A57B42AA9B61100A76F33 /* Products */,
			);
			sourceTree = "<group>";
		};
		D16A57B42AA9B61100A76F33 /* Products */ = {
			isa = PBXGroup;
			children = (
				D16A57B32AA9B61100A76F33 /* Hotel.app */,
			);
			name = Products;
			sourceTree = "<group>";
		};
		D16A57B52AA9B61100A76F33 /* Hotel */ = {
			isa = PBXGroup;
			children = (
				D16A57CA2AA9B72200A76F33 /* Additional materials */,
				D16A57D52AA9B7D600A76F33 /* Main */,
				D16A57B62AA9B61100A76F33 /* AppDelegate.swift */,
				D16A57BF2AA9B61200A76F33 /* Assets.xcassets */,
				D16A57C12AA9B61200A76F33 /* LaunchScreen.storyboard */,
				D16A57C42AA9B61200A76F33 /* Info.plist */,
			);
			path = Hotel;
			sourceTree = "<group>";
		};
		D16A57CA2AA9B72200A76F33 /* Additional materials */ = {
			isa = PBXGroup;
			children = (
				D16A58062AA9BB6100A76F33 /* Models */,
				D16A57FD2AA9BB0900A76F33 /* Response */,
				D16A57F22AA9BA2F00A76F33 /* Protocols */,
				D16A57DD2AA9B82800A76F33 /* Classes */,
				D16A57D02AA9B75E00A76F33 /* Constants */,
				D16A57CB2AA9B72B00A76F33 /* Extensions */,
			);
			path = "Additional materials";
			sourceTree = "<group>";
		};
		D16A57CB2AA9B72B00A76F33 /* Extensions */ = {
			isa = PBXGroup;
			children = (
				D16A57CC2AA9B73300A76F33 /* UIColor.swift */,
				D16A57CE2AA9B73F00A76F33 /* UIImage.swift */,
				D16A57DE2AA9B83600A76F33 /* UIView.swift */,
				D16A57E82AA9B8CD00A76F33 /* UIImageView.swift */,
				D16A57EA2AA9B92100A76F33 /* URLRequest.swift */,
				D16A57EC2AA9B92C00A76F33 /* URLComponents.swift */,
				D16A57EE2AA9B95D00A76F33 /* NotificationCenter.swift */,
				D16A57F02AA9B97E00A76F33 /* UIWindow.swift */,
				D1C979632AB0348D0011647A /* UINavigationBar.swift */,
				D1C9796A2AB037C40011647A /* UICollectionView.swift */,
				D1C979822AB04E9F0011647A /* UIButton.swift */,
				D1C9796C2AB037FC0011647A /* String.swift */,
			);
			path = Extensions;
			sourceTree = "<group>";
		};
		D16A57D02AA9B75E00A76F33 /* Constants */ = {
			isa = PBXGroup;
			children = (
				D16A57D12AA9B76C00A76F33 /* AssetsImage.swift */,
				D1C979762AB03A880011647A /* HTTPRequestMethod.swift */,
				D16A57D32AA9B77B00A76F33 /* AssetsColor.swift */,
				D16A57F52AA9BA6200A76F33 /* APIError.swift */,
				D1C979782AB03D000011647A /* MainConstants.swift */,
			);
			path = Constants;
			sourceTree = "<group>";
		};
		D16A57D52AA9B7D600A76F33 /* Main */ = {
			isa = PBXGroup;
			children = (
				D16A57D62AA9B7DC00A76F33 /* Hotel */,
			);
			path = Main;
			sourceTree = "<group>";
		};
		D16A57D62AA9B7DC00A76F33 /* Hotel */ = {
			isa = PBXGroup;
			children = (
				D1C979652AB035C10011647A /* Data Provider */,
				D16A57D92AA9B7EB00A76F33 /* View Controller */,
				D16A57D82AA9B7E500A76F33 /* View */,
				D16A57D72AA9B7E000A76F33 /* View Model */,
			);
			path = Hotel;
			sourceTree = "<group>";
		};
		D16A57D72AA9B7E000A76F33 /* View Model */ = {
			isa = PBXGroup;
			children = (
				D1C979702AB039430011647A /* HotelViewModel.swift */,
			);
			path = "View Model";
			sourceTree = "<group>";
		};
		D16A57D82AA9B7E500A76F33 /* View */ = {
			isa = PBXGroup;
			children = (
				D147D4642AB02EA0009223E6 /* Root View */,
				D147D4652AB02EAA009223E6 /* Cell */,
			);
			path = View;
			sourceTree = "<group>";
		};
		D16A57D92AA9B7EB00A76F33 /* View Controller */ = {
			isa = PBXGroup;
			children = (
				D16A57DA2AA9B80800A76F33 /* HotelViewController.swift */,
			);
			path = "View Controller";
			sourceTree = "<group>";
		};
		D16A57DD2AA9B82800A76F33 /* Classes */ = {
			isa = PBXGroup;
			children = (
				D16A57E02AA9B83A00A76F33 /* ReusableView.swift */,
				D16A58002AA9BB2A00A76F33 /* CustomSpinnerView.swift */,
				D16A58022AA9BB3A00A76F33 /* CustomView.swift */,
				D16A58042AA9BB4C00A76F33 /* CustomDecoder.swift */,
				D16A580D2AA9E75C00A76F33 /* PageController.swift */,
				D171B4652AAAE3CE003B115B /* DynamicHeightCollectionView.swift */,
				D171B4672AAAE3F3003B115B /* TagFlowLayout.swift */,
			);
			path = Classes;
			sourceTree = "<group>";
		};
		D16A57F22AA9BA2F00A76F33 /* Protocols */ = {
			isa = PBXGroup;
			children = (
				D16A57F32AA9BA3600A76F33 /* AlertViewController.swift */,
				D16A57F72AA9BAD800A76F33 /* ViewModelProtocol.swift */,
				D16A57F92AA9BAE500A76F33 /* ViewSpecificController.swift */,
				D16A57FB2AA9BAF000A76F33 /* Coordinator.swift */,
			);
			path = Protocols;
			sourceTree = "<group>";
		};
		D16A57FD2AA9BB0900A76F33 /* Response */ = {
			isa = PBXGroup;
			children = (
				D16A57FE2AA9BB1400A76F33 /* JSONData.swift */,
				D1C979742AB03A1E0011647A /* JSONDownloader.swift */,
			);
			path = Response;
			sourceTree = "<group>";
		};
		D16A58062AA9BB6100A76F33 /* Models */ = {
			isa = PBXGroup;
			children = (
				D16A58072AA9BB6700A76F33 /* Meta.swift */,
				D1C979722AB039750011647A /* Hotel.swift */,
			);
			path = Models;
			sourceTree = "<group>";
		};
		D1C979652AB035C10011647A /* Data Provider */ = {
			isa = PBXGroup;
			children = (
				D1C979662AB036460011647A /* ComfortsDataProvider.swift */,
				D1C979802AB04A530011647A /* ImagesDataProvider.swift */,
			);
			path = "Data Provider";
			sourceTree = "<group>";
		};
		D1C9797A2AB049F60011647A /* Comforts */ = {
			isa = PBXGroup;
			children = (
				D1C979682AB037220011647A /* ComfortsCollectionViewCell.swift */,
				D1C9796E2AB0385D0011647A /* ComfortsCollectionViewCell.xib */,
			);
			path = Comforts;
			sourceTree = "<group>";
		};
		D1C9797B2AB049FF0011647A /* Images */ = {
			isa = PBXGroup;
			children = (
				D1C9797C2AB04A090011647A /* ImagesCollectionViewCell.swift */,
				D1C9797E2AB04A0C0011647A /* ImagesCollectionViewCell.xib */,
			);
			path = Images;
			sourceTree = "<group>";
		};
/* End PBXGroup section */

/* Begin PBXNativeTarget section */
		D16A57B22AA9B61100A76F33 /* Hotel */ = {
			isa = PBXNativeTarget;
			buildConfigurationList = D16A57C72AA9B61200A76F33 /* Build configuration list for PBXNativeTarget "Hotel" */;
			buildPhases = (
				D16A57AF2AA9B61100A76F33 /* Sources */,
				D16A57B02AA9B61100A76F33 /* Frameworks */,
				D16A57B12AA9B61100A76F33 /* Resources */,
			);
			buildRules = (
			);
			dependencies = (
			);
			name = Hotel;
			packageProductDependencies = (
				D16A57E32AA9B89F00A76F33 /* SDWebImage */,
				D16A57E62AA9B8B400A76F33 /* IQKeyboardManagerSwift */,
				D1C979852AB04FAA0011647A /* SkeletonView */,
			);
			productName = Hotel;
			productReference = D16A57B32AA9B61100A76F33 /* Hotel.app */;
			productType = "com.apple.product-type.application";
		};
/* End PBXNativeTarget section */

/* Begin PBXProject section */
		D16A57AB2AA9B61100A76F33 /* Project object */ = {
			isa = PBXProject;
			attributes = {
				BuildIndependentTargetsInParallel = 1;
				LastSwiftUpdateCheck = 1410;
				LastUpgradeCheck = 1410;
				TargetAttributes = {
					D16A57B22AA9B61100A76F33 = {
						CreatedOnToolsVersion = 14.1;
					};
				};
			};
			buildConfigurationList = D16A57AE2AA9B61100A76F33 /* Build configuration list for PBXProject "Hotel" */;
			compatibilityVersion = "Xcode 14.0";
			developmentRegion = en;
			hasScannedForEncodings = 0;
			knownRegions = (
				en,
				Base,
			);
			mainGroup = D16A57AA2AA9B61100A76F33;
			packageReferences = (
				D16A57E22AA9B89F00A76F33 /* XCRemoteSwiftPackageReference "SDWebImage" */,
				D16A57E52AA9B8B400A76F33 /* XCRemoteSwiftPackageReference "IQKeyboardManager" */,
				D1C979842AB04FAA0011647A /* XCRemoteSwiftPackageReference "SkeletonView" */,
			);
			productRefGroup = D16A57B42AA9B61100A76F33 /* Products */;
			projectDirPath = "";
			projectRoot = "";
			targets = (
				D16A57B22AA9B61100A76F33 /* Hotel */,
			);
		};
/* End PBXProject section */

/* Begin PBXResourcesBuildPhase section */
		D16A57B12AA9B61100A76F33 /* Resources */ = {
			isa = PBXResourcesBuildPhase;
			buildActionMask = 2147483647;
			files = (
				D1C9797F2AB04A0C0011647A /* ImagesCollectionViewCell.xib in Resources */,
				D16A57C32AA9B61200A76F33 /* LaunchScreen.storyboard in Resources */,
				D16A57C02AA9B61200A76F33 /* Assets.xcassets in Resources */,
				D16A580C2AA9BD1500A76F33 /* HotelView.xib in Resources */,
				D1C9796F2AB0385D0011647A /* ComfortsCollectionViewCell.xib in Resources */,
			);
			runOnlyForDeploymentPostprocessing = 0;
		};
/* End PBXResourcesBuildPhase section */

/* Begin PBXSourcesBuildPhase section */
		D16A57AF2AA9B61100A76F33 /* Sources */ = {
			isa = PBXSourcesBuildPhase;
			buildActionMask = 2147483647;
			files = (
				D16A57F82AA9BAD800A76F33 /* ViewModelProtocol.swift in Sources */,
				D171B4662AAAE3CE003B115B /* DynamicHeightCollectionView.swift in Sources */,
				D16A57ED2AA9B92C00A76F33 /* URLComponents.swift in Sources */,
				D1C979812AB04A530011647A /* ImagesDataProvider.swift in Sources */,
				D16A57F42AA9BA3600A76F33 /* AlertViewController.swift in Sources */,
				D16A58032AA9BB3A00A76F33 /* CustomView.swift in Sources */,
				D16A57FF2AA9BB1400A76F33 /* JSONData.swift in Sources */,
				D16A57CF2AA9B73F00A76F33 /* UIImage.swift in Sources */,
				D1C979752AB03A1E0011647A /* JSONDownloader.swift in Sources */,
				D1C979672AB036460011647A /* ComfortsDataProvider.swift in Sources */,
				D1C979692AB037220011647A /* ComfortsCollectionViewCell.swift in Sources */,
				D16A57E92AA9B8CD00A76F33 /* UIImageView.swift in Sources */,
				D16A57DB2AA9B80800A76F33 /* HotelViewController.swift in Sources */,
				D16A57F12AA9B97F00A76F33 /* UIWindow.swift in Sources */,
				D16A57D42AA9B77B00A76F33 /* AssetsColor.swift in Sources */,
				D1C979642AB0348D0011647A /* UINavigationBar.swift in Sources */,
				D1C979732AB039750011647A /* Hotel.swift in Sources */,
				D16A57FC2AA9BAF000A76F33 /* Coordinator.swift in Sources */,
				D16A57FA2AA9BAE500A76F33 /* ViewSpecificController.swift in Sources */,
				D16A57E12AA9B83A00A76F33 /* ReusableView.swift in Sources */,
				D16A58052AA9BB4C00A76F33 /* CustomDecoder.swift in Sources */,
				D16A57F62AA9BA6200A76F33 /* APIError.swift in Sources */,
				D16A57DF2AA9B83600A76F33 /* UIView.swift in Sources */,
				D1C979712AB039430011647A /* HotelViewModel.swift in Sources */,
				D1C979772AB03A880011647A /* HTTPRequestMethod.swift in Sources */,
				D171B4682AAAE3F3003B115B /* TagFlowLayout.swift in Sources */,
				D16A57EF2AA9B95D00A76F33 /* NotificationCenter.swift in Sources */,
				D16A580A2AA9BC7E00A76F33 /* HotelView.swift in Sources */,
				D16A58012AA9BB2A00A76F33 /* CustomSpinnerView.swift in Sources */,
				D1C9796B2AB037C40011647A /* UICollectionView.swift in Sources */,
				D16A58082AA9BB6700A76F33 /* Meta.swift in Sources */,
				D16A57B72AA9B61100A76F33 /* AppDelegate.swift in Sources */,
				D16A57D22AA9B76C00A76F33 /* AssetsImage.swift in Sources */,
				D16A57CD2AA9B73300A76F33 /* UIColor.swift in Sources */,
				D16A57EB2AA9B92100A76F33 /* URLRequest.swift in Sources */,
				D1C979832AB04E9F0011647A /* UIButton.swift in Sources */,
				D1C9797D2AB04A090011647A /* ImagesCollectionViewCell.swift in Sources */,
				D1C9796D2AB037FC0011647A /* String.swift in Sources */,
				D16A580E2AA9E75C00A76F33 /* PageController.swift in Sources */,
				D1C979792AB03D000011647A /* MainConstants.swift in Sources */,
			);
			runOnlyForDeploymentPostprocessing = 0;
		};
/* End PBXSourcesBuildPhase section */

/* Begin PBXVariantGroup section */
		D16A57C12AA9B61200A76F33 /* LaunchScreen.storyboard */ = {
			isa = PBXVariantGroup;
			children = (
				D16A57C22AA9B61200A76F33 /* Base */,
			);
			name = LaunchScreen.storyboard;
			sourceTree = "<group>";
		};
/* End PBXVariantGroup section */

/* Begin XCBuildConfiguration section */
		D16A57C52AA9B61200A76F33 /* Debug */ = {
			isa = XCBuildConfiguration;
			buildSettings = {
				ALWAYS_SEARCH_USER_PATHS = NO;
				CLANG_ANALYZER_NONNULL = YES;
				CLANG_ANALYZER_NUMBER_OBJECT_CONVERSION = YES_AGGRESSIVE;
				CLANG_CXX_LANGUAGE_STANDARD = "gnu++20";
				CLANG_ENABLE_MODULES = YES;
				CLANG_ENABLE_OBJC_ARC = YES;
				CLANG_ENABLE_OBJC_WEAK = YES;
				CLANG_WARN_BLOCK_CAPTURE_AUTORELEASING = YES;
				CLANG_WARN_BOOL_CONVERSION = YES;
				CLANG_WARN_COMMA = YES;
				CLANG_WARN_CONSTANT_CONVERSION = YES;
				CLANG_WARN_DEPRECATED_OBJC_IMPLEMENTATIONS = YES;
				CLANG_WARN_DIRECT_OBJC_ISA_USAGE = YES_ERROR;
				CLANG_WARN_DOCUMENTATION_COMMENTS = YES;
				CLANG_WARN_EMPTY_BODY = YES;
				CLANG_WARN_ENUM_CONVERSION = YES;
				CLANG_WARN_INFINITE_RECURSION = YES;
				CLANG_WARN_INT_CONVERSION = YES;
				CLANG_WARN_NON_LITERAL_NULL_CONVERSION = YES;
				CLANG_WARN_OBJC_IMPLICIT_RETAIN_SELF = YES;
				CLANG_WARN_OBJC_LITERAL_CONVERSION = YES;
				CLANG_WARN_OBJC_ROOT_CLASS = YES_ERROR;
				CLANG_WARN_QUOTED_INCLUDE_IN_FRAMEWORK_HEADER = YES;
				CLANG_WARN_RANGE_LOOP_ANALYSIS = YES;
				CLANG_WARN_STRICT_PROTOTYPES = YES;
				CLANG_WARN_SUSPICIOUS_MOVE = YES;
				CLANG_WARN_UNGUARDED_AVAILABILITY = YES_AGGRESSIVE;
				CLANG_WARN_UNREACHABLE_CODE = YES;
				CLANG_WARN__DUPLICATE_METHOD_MATCH = YES;
				COPY_PHASE_STRIP = NO;
				DEBUG_INFORMATION_FORMAT = dwarf;
				ENABLE_STRICT_OBJC_MSGSEND = YES;
				ENABLE_TESTABILITY = YES;
				GCC_C_LANGUAGE_STANDARD = gnu11;
				GCC_DYNAMIC_NO_PIC = NO;
				GCC_NO_COMMON_BLOCKS = YES;
				GCC_OPTIMIZATION_LEVEL = 0;
				GCC_PREPROCESSOR_DEFINITIONS = (
					"DEBUG=1",
					"$(inherited)",
				);
				GCC_WARN_64_TO_32_BIT_CONVERSION = YES;
				GCC_WARN_ABOUT_RETURN_TYPE = YES_ERROR;
				GCC_WARN_UNDECLARED_SELECTOR = YES;
				GCC_WARN_UNINITIALIZED_AUTOS = YES_AGGRESSIVE;
				GCC_WARN_UNUSED_FUNCTION = YES;
				GCC_WARN_UNUSED_VARIABLE = YES;
				IPHONEOS_DEPLOYMENT_TARGET = 16.1;
				MTL_ENABLE_DEBUG_INFO = INCLUDE_SOURCE;
				MTL_FAST_MATH = YES;
				ONLY_ACTIVE_ARCH = YES;
				SDKROOT = iphoneos;
				SWIFT_ACTIVE_COMPILATION_CONDITIONS = DEBUG;
				SWIFT_OPTIMIZATION_LEVEL = "-Onone";
			};
			name = Debug;
		};
		D16A57C62AA9B61200A76F33 /* Release */ = {
			isa = XCBuildConfiguration;
			buildSettings = {
				ALWAYS_SEARCH_USER_PATHS = NO;
				CLANG_ANALYZER_NONNULL = YES;
				CLANG_ANALYZER_NUMBER_OBJECT_CONVERSION = YES_AGGRESSIVE;
				CLANG_CXX_LANGUAGE_STANDARD = "gnu++20";
				CLANG_ENABLE_MODULES = YES;
				CLANG_ENABLE_OBJC_ARC = YES;
				CLANG_ENABLE_OBJC_WEAK = YES;
				CLANG_WARN_BLOCK_CAPTURE_AUTORELEASING = YES;
				CLANG_WARN_BOOL_CONVERSION = YES;
				CLANG_WARN_COMMA = YES;
				CLANG_WARN_CONSTANT_CONVERSION = YES;
				CLANG_WARN_DEPRECATED_OBJC_IMPLEMENTATIONS = YES;
				CLANG_WARN_DIRECT_OBJC_ISA_USAGE = YES_ERROR;
				CLANG_WARN_DOCUMENTATION_COMMENTS = YES;
				CLANG_WARN_EMPTY_BODY = YES;
				CLANG_WARN_ENUM_CONVERSION = YES;
				CLANG_WARN_INFINITE_RECURSION = YES;
				CLANG_WARN_INT_CONVERSION = YES;
				CLANG_WARN_NON_LITERAL_NULL_CONVERSION = YES;
				CLANG_WARN_OBJC_IMPLICIT_RETAIN_SELF = YES;
				CLANG_WARN_OBJC_LITERAL_CONVERSION = YES;
				CLANG_WARN_OBJC_ROOT_CLASS = YES_ERROR;
				CLANG_WARN_QUOTED_INCLUDE_IN_FRAMEWORK_HEADER = YES;
				CLANG_WARN_RANGE_LOOP_ANALYSIS = YES;
				CLANG_WARN_STRICT_PROTOTYPES = YES;
				CLANG_WARN_SUSPICIOUS_MOVE = YES;
				CLANG_WARN_UNGUARDED_AVAILABILITY = YES_AGGRESSIVE;
				CLANG_WARN_UNREACHABLE_CODE = YES;
				CLANG_WARN__DUPLICATE_METHOD_MATCH = YES;
				COPY_PHASE_STRIP = NO;
				DEBUG_INFORMATION_FORMAT = "dwarf-with-dsym";
				ENABLE_NS_ASSERTIONS = NO;
				ENABLE_STRICT_OBJC_MSGSEND = YES;
				GCC_C_LANGUAGE_STANDARD = gnu11;
				GCC_NO_COMMON_BLOCKS = YES;
				GCC_WARN_64_TO_32_BIT_CONVERSION = YES;
				GCC_WARN_ABOUT_RETURN_TYPE = YES_ERROR;
				GCC_WARN_UNDECLARED_SELECTOR = YES;
				GCC_WARN_UNINITIALIZED_AUTOS = YES_AGGRESSIVE;
				GCC_WARN_UNUSED_FUNCTION = YES;
				GCC_WARN_UNUSED_VARIABLE = YES;
				IPHONEOS_DEPLOYMENT_TARGET = 16.1;
				MTL_ENABLE_DEBUG_INFO = NO;
				MTL_FAST_MATH = YES;
				SDKROOT = iphoneos;
				SWIFT_COMPILATION_MODE = wholemodule;
				SWIFT_OPTIMIZATION_LEVEL = "-O";
				VALIDATE_PRODUCT = YES;
			};
			name = Release;
		};
		D16A57C82AA9B61200A76F33 /* Debug */ = {
			isa = XCBuildConfiguration;
			buildSettings = {
				ASSETCATALOG_COMPILER_APPICON_NAME = AppIcon;
				ASSETCATALOG_COMPILER_GLOBAL_ACCENT_COLOR_NAME = AccentColor;
				CODE_SIGN_STYLE = Automatic;
				CURRENT_PROJECT_VERSION = 1;
				DEVELOPMENT_TEAM = G82BQXGANZ;
				GENERATE_INFOPLIST_FILE = YES;
				INFOPLIST_FILE = Hotel/Info.plist;
				INFOPLIST_KEY_CFBundleDisplayName = Hotel;
				INFOPLIST_KEY_LSApplicationCategoryType = "public.app-category.travel";
				INFOPLIST_KEY_UIApplicationSupportsIndirectInputEvents = YES;
				INFOPLIST_KEY_UILaunchStoryboardName = LaunchScreen;
				INFOPLIST_KEY_UIStatusBarStyle = UIStatusBarStyleDarkContent;
				INFOPLIST_KEY_UISupportedInterfaceOrientations = UIInterfaceOrientationPortrait;
				INFOPLIST_KEY_UISupportedInterfaceOrientations_iPad = "UIInterfaceOrientationLandscapeLeft UIInterfaceOrientationLandscapeRight UIInterfaceOrientationPortrait UIInterfaceOrientationPortraitUpsideDown";
				INFOPLIST_KEY_UIUserInterfaceStyle = Dark;
				LD_RUNPATH_SEARCH_PATHS = (
					"$(inherited)",
					"@executable_path/Frameworks",
				);
				MARKETING_VERSION = 1.0;
				PRODUCT_BUNDLE_IDENTIFIER = com.negative.Hotel;
				PRODUCT_NAME = "$(TARGET_NAME)";
				SWIFT_EMIT_LOC_STRINGS = YES;
				SWIFT_VERSION = 5.0;
				TARGETED_DEVICE_FAMILY = "1,2";
			};
			name = Debug;
		};
		D16A57C92AA9B61200A76F33 /* Release */ = {
			isa = XCBuildConfiguration;
			buildSettings = {
				ASSETCATALOG_COMPILER_APPICON_NAME = AppIcon;
				ASSETCATALOG_COMPILER_GLOBAL_ACCENT_COLOR_NAME = AccentColor;
				CODE_SIGN_STYLE = Automatic;
				CURRENT_PROJECT_VERSION = 1;
				DEVELOPMENT_TEAM = G82BQXGANZ;
				GENERATE_INFOPLIST_FILE = YES;
				INFOPLIST_FILE = Hotel/Info.plist;
				INFOPLIST_KEY_CFBundleDisplayName = Hotel;
				INFOPLIST_KEY_LSApplicationCategoryType = "public.app-category.travel";
				INFOPLIST_KEY_UIApplicationSupportsIndirectInputEvents = YES;
				INFOPLIST_KEY_UILaunchStoryboardName = LaunchScreen;
				INFOPLIST_KEY_UIStatusBarStyle = UIStatusBarStyleDarkContent;
				INFOPLIST_KEY_UISupportedInterfaceOrientations = UIInterfaceOrientationPortrait;
				INFOPLIST_KEY_UISupportedInterfaceOrientations_iPad = "UIInterfaceOrientationLandscapeLeft UIInterfaceOrientationLandscapeRight UIInterfaceOrientationPortrait UIInterfaceOrientationPortraitUpsideDown";
				INFOPLIST_KEY_UIUserInterfaceStyle = Dark;
				LD_RUNPATH_SEARCH_PATHS = (
					"$(inherited)",
					"@executable_path/Frameworks",
				);
				MARKETING_VERSION = 1.0;
				PRODUCT_BUNDLE_IDENTIFIER = com.negative.Hotel;
				PRODUCT_NAME = "$(TARGET_NAME)";
				SWIFT_EMIT_LOC_STRINGS = YES;
				SWIFT_VERSION = 5.0;
				TARGETED_DEVICE_FAMILY = "1,2";
			};
			name = Release;
		};
/* End XCBuildConfiguration section */

/* Begin XCConfigurationList section */
		D16A57AE2AA9B61100A76F33 /* Build configuration list for PBXProject "Hotel" */ = {
			isa = XCConfigurationList;
			buildConfigurations = (
				D16A57C52AA9B61200A76F33 /* Debug */,
				D16A57C62AA9B61200A76F33 /* Release */,
			);
			defaultConfigurationIsVisible = 0;
			defaultConfigurationName = Release;
		};
		D16A57C72AA9B61200A76F33 /* Build configuration list for PBXNativeTarget "Hotel" */ = {
			isa = XCConfigurationList;
			buildConfigurations = (
				D16A57C82AA9B61200A76F33 /* Debug */,
				D16A57C92AA9B61200A76F33 /* Release */,
			);
			defaultConfigurationIsVisible = 0;
			defaultConfigurationName = Release;
		};
/* End XCConfigurationList section */

/* Begin XCRemoteSwiftPackageReference section */
		D16A57E22AA9B89F00A76F33 /* XCRemoteSwiftPackageReference "SDWebImage" */ = {
			isa = XCRemoteSwiftPackageReference;
			repositoryURL = "https://github.com/SDWebImage/SDWebImage.git";
			requirement = {
				kind = upToNextMajorVersion;
				minimumVersion = 5.0.0;
			};
		};
		D16A57E52AA9B8B400A76F33 /* XCRemoteSwiftPackageReference "IQKeyboardManager" */ = {
			isa = XCRemoteSwiftPackageReference;
			repositoryURL = "https://github.com/hackiftekhar/IQKeyboardManager.git";
			requirement = {
				kind = upToNextMajorVersion;
				minimumVersion = 6.0.0;
			};
		};
		D1C979842AB04FAA0011647A /* XCRemoteSwiftPackageReference "SkeletonView" */ = {
			isa = XCRemoteSwiftPackageReference;
			repositoryURL = "https://github.com/Juanpe/SkeletonView.git";
			requirement = {
				kind = upToNextMajorVersion;
				minimumVersion = 1.0.0;
			};
		};
/* End XCRemoteSwiftPackageReference section */

/* Begin XCSwiftPackageProductDependency section */
		D16A57E32AA9B89F00A76F33 /* SDWebImage */ = {
			isa = XCSwiftPackageProductDependency;
			package = D16A57E22AA9B89F00A76F33 /* XCRemoteSwiftPackageReference "SDWebImage" */;
			productName = SDWebImage;
		};
		D16A57E62AA9B8B400A76F33 /* IQKeyboardManagerSwift */ = {
			isa = XCSwiftPackageProductDependency;
			package = D16A57E52AA9B8B400A76F33 /* XCRemoteSwiftPackageReference "IQKeyboardManager" */;
			productName = IQKeyboardManagerSwift;
		};
		D1C979852AB04FAA0011647A /* SkeletonView */ = {
			isa = XCSwiftPackageProductDependency;
			package = D1C979842AB04FAA0011647A /* XCRemoteSwiftPackageReference "SkeletonView" */;
			productName = SkeletonView;
		};
/* End XCSwiftPackageProductDependency section */
	};
	rootObject = D16A57AB2AA9B61100A76F33 /* Project object */;
}
